
Microsoft Visual Studio Solution File, Format Version 12.00
# Visual Studio 15
VisualStudioVersion = 15.0.28306.52
MinimumVisualStudioVersion = 10.0.40219.1
Project("{FAE04EC0-301F-11D3-BF4B-00C04F79EFBC}") = "TestApp.Android", "TestApp\TestApp.Android\TestApp.Android.csproj", "{63E25176-4AD4-40BF-92FB-A15AFB7AA783}"
EndProject
Project("{FAE04EC0-301F-11D3-BF4B-00C04F79EFBC}") = "TestApp.iOS", "TestApp\TestApp.iOS\TestApp.iOS.csproj", "{C6F362DE-002D-494D-AD67-1A1906CCA985}"
EndProject
Project("{FAE04EC0-301F-11D3-BF4B-00C04F79EFBC}") = "TestApp.UWP", "TestApp\TestApp.UWP\TestApp.UWP.csproj", "{C47A988A-3007-482E-9FCC-81737584B66E}"
EndProject
Project("{FAE04EC0-301F-11D3-BF4B-00C04F79EFBC}") = "TestApp", "TestApp\TestApp\TestApp.csproj", "{023A6872-67AE-4243-88B6-3F3192E81DD7}"
EndProject
Project("{FAE04EC0-301F-11D3-BF4B-00C04F79EFBC}") = "TestApp.WPF", "TestApp.WPF\TestApp.WPF.csproj", "{CB3D7032-2486-4887-BB0D-8E6886CBBE52}"
EndProject
Global
	GlobalSection(SolutionConfigurationPlatforms) = preSolution
		Ad-Hoc|Any CPU = Ad-Hoc|Any CPU
		Ad-Hoc|ARM = Ad-Hoc|ARM
		Ad-Hoc|iPhone = Ad-Hoc|iPhone
		Ad-Hoc|iPhoneSimulator = Ad-Hoc|iPhoneSimulator
		Ad-Hoc|x64 = Ad-Hoc|x64
		Ad-Hoc|x86 = Ad-Hoc|x86
		AppStore|Any CPU = AppStore|Any CPU
		AppStore|ARM = AppStore|ARM
		AppStore|iPhone = AppStore|iPhone
		AppStore|iPhoneSimulator = AppStore|iPhoneSimulator
		AppStore|x64 = AppStore|x64
		AppStore|x86 = AppStore|x86
		Debug|Any CPU = Debug|Any CPU
		Debug|ARM = Debug|ARM
		Debug|iPhone = Debug|iPhone
		Debug|iPhoneSimulator = Debug|iPhoneSimulator
		Debug|x64 = Debug|x64
		Debug|x86 = Debug|x86
		Release|Any CPU = Release|Any CPU
		Release|ARM = Release|ARM
		Release|iPhone = Release|iPhone
		Release|iPhoneSimulator = Release|iPhoneSimulator
		Release|x64 = Release|x64
		Release|x86 = Release|x86
	EndGlobalSection
	GlobalSection(ProjectConfigurationPlatforms) = postSolution
		{63E25176-4AD4-40BF-92FB-A15AFB7AA783}.Ad-Hoc|Any CPU.ActiveCfg = Release|Any CPU
		{63E25176-4AD4-40BF-92FB-A15AFB7AA783}.Ad-Hoc|Any CPU.Build.0 = Release|Any CPU
		{63E25176-4AD4-40BF-92FB-A15AFB7AA783}.Ad-Hoc|Any CPU.Deploy.0 = Release|Any CPU
		{63E25176-4AD4-40BF-92FB-A15AFB7AA783}.Ad-Hoc|ARM.ActiveCfg = Release|Any CPU
		{63E25176-4AD4-40BF-92FB-A15AFB7AA783}.Ad-Hoc|ARM.Build.0 = Release|Any CPU
		{63E25176-4AD4-40BF-92FB-A15AFB7AA783}.Ad-Hoc|ARM.Deploy.0 = Release|Any CPU
		{63E25176-4AD4-40BF-92FB-A15AFB7AA783}.Ad-Hoc|iPhone.ActiveCfg = Release|Any CPU
		{63E25176-4AD4-40BF-92FB-A15AFB7AA783}.Ad-Hoc|iPhone.Build.0 = Release|Any CPU
		{63E25176-4AD4-40BF-92FB-A15AFB7AA783}.Ad-Hoc|iPhone.Deploy.0 = Release|Any CPU
		{63E25176-4AD4-40BF-92FB-A15AFB7AA783}.Ad-Hoc|iPhoneSimulator.ActiveCfg = Release|Any CPU
		{63E25176-4AD4-40BF-92FB-A15AFB7AA783}.Ad-Hoc|iPhoneSimulator.Build.0 = Release|Any CPU
		{63E25176-4AD4-40BF-92FB-A15AFB7AA783}.Ad-Hoc|iPhoneSimulator.Deploy.0 = Release|Any CPU
		{63E25176-4AD4-40BF-92FB-A15AFB7AA783}.Ad-Hoc|x64.ActiveCfg = Release|Any CPU
		{63E25176-4AD4-40BF-92FB-A15AFB7AA783}.Ad-Hoc|x64.Build.0 = Release|Any CPU
		{63E25176-4AD4-40BF-92FB-A15AFB7AA783}.Ad-Hoc|x64.Deploy.0 = Release|Any CPU
		{63E25176-4AD4-40BF-92FB-A15AFB7AA783}.Ad-Hoc|x86.ActiveCfg = Release|Any CPU
		{63E25176-4AD4-40BF-92FB-A15AFB7AA783}.Ad-Hoc|x86.Build.0 = Release|Any CPU
		{63E25176-4AD4-40BF-92FB-A15AFB7AA783}.Ad-Hoc|x86.Deploy.0 = Release|Any CPU
		{63E25176-4AD4-40BF-92FB-A15AFB7AA783}.AppStore|Any CPU.ActiveCfg = Release|Any CPU
		{63E25176-4AD4-40BF-92FB-A15AFB7AA783}.AppStore|Any CPU.Build.0 = Release|Any CPU
		{63E25176-4AD4-40BF-92FB-A15AFB7AA783}.AppStore|Any CPU.Deploy.0 = Release|Any CPU
		{63E25176-4AD4-40BF-92FB-A15AFB7AA783}.AppStore|ARM.ActiveCfg = Release|Any CPU
		{63E25176-4AD4-40BF-92FB-A15AFB7AA783}.AppStore|ARM.Build.0 = Release|Any CPU
		{63E25176-4AD4-40BF-92FB-A15AFB7AA783}.AppStore|ARM.Deploy.0 = Release|Any CPU
		{63E25176-4AD4-40BF-92FB-A15AFB7AA783}.AppStore|iPhone.ActiveCfg = Release|Any CPU
		{63E25176-4AD4-40BF-92FB-A15AFB7AA783}.AppStore|iPhone.Build.0 = Release|Any CPU
		{63E25176-4AD4-40BF-92FB-A15AFB7AA783}.AppStore|iPhone.Deploy.0 = Release|Any CPU
		{63E25176-4AD4-40BF-92FB-A15AFB7AA783}.AppStore|iPhoneSimulator.ActiveCfg = Release|Any CPU
		{63E25176-4AD4-40BF-92FB-A15AFB7AA783}.AppStore|iPhoneSimulator.Build.0 = Release|Any CPU
		{63E25176-4AD4-40BF-92FB-A15AFB7AA783}.AppStore|iPhoneSimulator.Deploy.0 = Release|Any CPU
		{63E25176-4AD4-40BF-92FB-A15AFB7AA783}.AppStore|x64.ActiveCfg = Release|Any CPU
		{63E25176-4AD4-40BF-92FB-A15AFB7AA783}.AppStore|x64.Build.0 = Release|Any CPU
		{63E25176-4AD4-40BF-92FB-A15AFB7AA783}.AppStore|x64.Deploy.0 = Release|Any CPU
		{63E25176-4AD4-40BF-92FB-A15AFB7AA783}.AppStore|x86.ActiveCfg = Release|Any CPU
		{63E25176-4AD4-40BF-92FB-A15AFB7AA783}.AppStore|x86.Build.0 = Release|Any CPU
		{63E25176-4AD4-40BF-92FB-A15AFB7AA783}.AppStore|x86.Deploy.0 = Release|Any CPU
		{63E25176-4AD4-40BF-92FB-A15AFB7AA783}.Debug|Any CPU.ActiveCfg = Debug|Any CPU
		{63E25176-4AD4-40BF-92FB-A15AFB7AA783}.Debug|Any CPU.Build.0 = Debug|Any CPU
		{63E25176-4AD4-40BF-92FB-A15AFB7AA783}.Debug|Any CPU.Deploy.0 = Debug|Any CPU
		{63E25176-4AD4-40BF-92FB-A15AFB7AA783}.Debug|ARM.ActiveCfg = Debug|Any CPU
		{63E25176-4AD4-40BF-92FB-A15AFB7AA783}.Debug|ARM.Build.0 = Debug|Any CPU
		{63E25176-4AD4-40BF-92FB-A15AFB7AA783}.Debug|ARM.Deploy.0 = Debug|Any CPU
		{63E25176-4AD4-40BF-92FB-A15AFB7AA783}.Debug|iPhone.ActiveCfg = Debug|Any CPU
		{63E25176-4AD4-40BF-92FB-A15AFB7AA783}.Debug|iPhone.Build.0 = Debug|Any CPU
		{63E25176-4AD4-40BF-92FB-A15AFB7AA783}.Debug|iPhone.Deploy.0 = Debug|Any CPU
		{63E25176-4AD4-40BF-92FB-A15AFB7AA783}.Debug|iPhoneSimulator.ActiveCfg = Debug|Any CPU
		{63E25176-4AD4-40BF-92FB-A15AFB7AA783}.Debug|iPhoneSimulator.Build.0 = Debug|Any CPU
		{63E25176-4AD4-40BF-92FB-A15AFB7AA783}.Debug|iPhoneSimulator.Deploy.0 = Debug|Any CPU
		{63E25176-4AD4-40BF-92FB-A15AFB7AA783}.Debug|x64.ActiveCfg = Debug|Any CPU
		{63E25176-4AD4-40BF-92FB-A15AFB7AA783}.Debug|x64.Build.0 = Debug|Any CPU
		{63E25176-4AD4-40BF-92FB-A15AFB7AA783}.Debug|x64.Deploy.0 = Debug|Any CPU
		{63E25176-4AD4-40BF-92FB-A15AFB7AA783}.Debug|x86.ActiveCfg = Debug|Any CPU
		{63E25176-4AD4-40BF-92FB-A15AFB7AA783}.Debug|x86.Build.0 = Debug|Any CPU
		{63E25176-4AD4-40BF-92FB-A15AFB7AA783}.Debug|x86.Deploy.0 = Debug|Any CPU
		{63E25176-4AD4-40BF-92FB-A15AFB7AA783}.Release|Any CPU.ActiveCfg = Release|Any CPU
		{63E25176-4AD4-40BF-92FB-A15AFB7AA783}.Release|Any CPU.Build.0 = Release|Any CPU
		{63E25176-4AD4-40BF-92FB-A15AFB7AA783}.Release|Any CPU.Deploy.0 = Release|Any CPU
		{63E25176-4AD4-40BF-92FB-A15AFB7AA783}.Release|ARM.ActiveCfg = Release|Any CPU
		{63E25176-4AD4-40BF-92FB-A15AFB7AA783}.Release|ARM.Build.0 = Release|Any CPU
		{63E25176-4AD4-40BF-92FB-A15AFB7AA783}.Release|ARM.Deploy.0 = Release|Any CPU
		{63E25176-4AD4-40BF-92FB-A15AFB7AA783}.Release|iPhone.ActiveCfg = Release|Any CPU
		{63E25176-4AD4-40BF-92FB-A15AFB7AA783}.Release|iPhone.Build.0 = Release|Any CPU
		{63E25176-4AD4-40BF-92FB-A15AFB7AA783}.Release|iPhone.Deploy.0 = Release|Any CPU
		{63E25176-4AD4-40BF-92FB-A15AFB7AA783}.Release|iPhoneSimulator.ActiveCfg = Release|Any CPU
		{63E25176-4AD4-40BF-92FB-A15AFB7AA783}.Release|iPhoneSimulator.Build.0 = Release|Any CPU
		{63E25176-4AD4-40BF-92FB-A15AFB7AA783}.Release|iPhoneSimulator.Deploy.0 = Release|Any CPU
		{63E25176-4AD4-40BF-92FB-A15AFB7AA783}.Release|x64.ActiveCfg = Release|Any CPU
		{63E25176-4AD4-40BF-92FB-A15AFB7AA783}.Release|x64.Build.0 = Release|Any CPU
		{63E25176-4AD4-40BF-92FB-A15AFB7AA783}.Release|x64.Deploy.0 = Release|Any CPU
		{63E25176-4AD4-40BF-92FB-A15AFB7AA783}.Release|x86.ActiveCfg = Release|Any CPU
		{63E25176-4AD4-40BF-92FB-A15AFB7AA783}.Release|x86.Build.0 = Release|Any CPU
		{63E25176-4AD4-40BF-92FB-A15AFB7AA783}.Release|x86.Deploy.0 = Release|Any CPU
		{C6F362DE-002D-494D-AD67-1A1906CCA985}.Ad-Hoc|Any CPU.ActiveCfg = Ad-Hoc|iPhone
		{C6F362DE-002D-494D-AD67-1A1906CCA985}.Ad-Hoc|Any CPU.Build.0 = Ad-Hoc|iPhone
		{C6F362DE-002D-494D-AD67-1A1906CCA985}.Ad-Hoc|Any CPU.Deploy.0 = Ad-Hoc|iPhone
		{C6F362DE-002D-494D-AD67-1A1906CCA985}.Ad-Hoc|ARM.ActiveCfg = Ad-Hoc|iPhone
		{C6F362DE-002D-494D-AD67-1A1906CCA985}.Ad-Hoc|ARM.Build.0 = Ad-Hoc|iPhone
		{C6F362DE-002D-494D-AD67-1A1906CCA985}.Ad-Hoc|ARM.Deploy.0 = Ad-Hoc|iPhone
		{C6F362DE-002D-494D-AD67-1A1906CCA985}.Ad-Hoc|iPhone.ActiveCfg = Ad-Hoc|iPhone
		{C6F362DE-002D-494D-AD67-1A1906CCA985}.Ad-Hoc|iPhone.Build.0 = Ad-Hoc|iPhone
		{C6F362DE-002D-494D-AD67-1A1906CCA985}.Ad-Hoc|iPhone.Deploy.0 = Ad-Hoc|iPhone
		{C6F362DE-002D-494D-AD67-1A1906CCA985}.Ad-Hoc|iPhoneSimulator.ActiveCfg = Ad-Hoc|iPhoneSimulator
		{C6F362DE-002D-494D-AD67-1A1906CCA985}.Ad-Hoc|iPhoneSimulator.Build.0 = Ad-Hoc|iPhoneSimulator
		{C6F362DE-002D-494D-AD67-1A1906CCA985}.Ad-Hoc|iPhoneSimulator.Deploy.0 = Ad-Hoc|iPhoneSimulator
		{C6F362DE-002D-494D-AD67-1A1906CCA985}.Ad-Hoc|x64.ActiveCfg = Ad-Hoc|iPhone
		{C6F362DE-002D-494D-AD67-1A1906CCA985}.Ad-Hoc|x64.Build.0 = Ad-Hoc|iPhone
		{C6F362DE-002D-494D-AD67-1A1906CCA985}.Ad-Hoc|x64.Deploy.0 = Ad-Hoc|iPhone
		{C6F362DE-002D-494D-AD67-1A1906CCA985}.Ad-Hoc|x86.ActiveCfg = Ad-Hoc|iPhone
		{C6F362DE-002D-494D-AD67-1A1906CCA985}.Ad-Hoc|x86.Build.0 = Ad-Hoc|iPhone
		{C6F362DE-002D-494D-AD67-1A1906CCA985}.Ad-Hoc|x86.Deploy.0 = Ad-Hoc|iPhone
		{C6F362DE-002D-494D-AD67-1A1906CCA985}.AppStore|Any CPU.ActiveCfg = AppStore|iPhone
		{C6F362DE-002D-494D-AD67-1A1906CCA985}.AppStore|Any CPU.Build.0 = AppStore|iPhone
		{C6F362DE-002D-494D-AD67-1A1906CCA985}.AppStore|Any CPU.Deploy.0 = AppStore|iPhone
		{C6F362DE-002D-494D-AD67-1A1906CCA985}.AppStore|ARM.ActiveCfg = AppStore|iPhone
		{C6F362DE-002D-494D-AD67-1A1906CCA985}.AppStore|ARM.Build.0 = AppStore|iPhone
		{C6F362DE-002D-494D-AD67-1A1906CCA985}.AppStore|ARM.Deploy.0 = AppStore|iPhone
		{C6F362DE-002D-494D-AD67-1A1906CCA985}.AppStore|iPhone.ActiveCfg = AppStore|iPhone
		{C6F362DE-002D-494D-AD67-1A1906CCA985}.AppStore|iPhone.Build.0 = AppStore|iPhone
		{C6F362DE-002D-494D-AD67-1A1906CCA985}.AppStore|iPhone.Deploy.0 = AppStore|iPhone
		{C6F362DE-002D-494D-AD67-1A1906CCA985}.AppStore|iPhoneSimulator.ActiveCfg = AppStore|iPhoneSimulator
		{C6F362DE-002D-494D-AD67-1A1906CCA985}.AppStore|iPhoneSimulator.Build.0 = AppStore|iPhoneSimulator
		{C6F362DE-002D-494D-AD67-1A1906CCA985}.AppStore|iPhoneSimulator.Deploy.0 = AppStore|iPhoneSimulator
		{C6F362DE-002D-494D-AD67-1A1906CCA985}.AppStore|x64.ActiveCfg = AppStore|iPhone
		{C6F362DE-002D-494D-AD67-1A1906CCA985}.AppStore|x64.Build.0 = AppStore|iPhone
		{C6F362DE-002D-494D-AD67-1A1906CCA985}.AppStore|x64.Deploy.0 = AppStore|iPhone
		{C6F362DE-002D-494D-AD67-1A1906CCA985}.AppStore|x86.ActiveCfg = AppStore|iPhone
		{C6F362DE-002D-494D-AD67-1A1906CCA985}.AppStore|x86.Build.0 = AppStore|iPhone
		{C6F362DE-002D-494D-AD67-1A1906CCA985}.AppStore|x86.Deploy.0 = AppStore|iPhone
		{C6F362DE-002D-494D-AD67-1A1906CCA985}.Debug|Any CPU.ActiveCfg = Debug|iPhoneSimulator
		{C6F362DE-002D-494D-AD67-1A1906CCA985}.Debug|Any CPU.Build.0 = Debug|iPhoneSimulator
		{C6F362DE-002D-494D-AD67-1A1906CCA985}.Debug|Any CPU.Deploy.0 = Debug|iPhoneSimulator
		{C6F362DE-002D-494D-AD67-1A1906CCA985}.Debug|ARM.ActiveCfg = Debug|iPhone
		{C6F362DE-002D-494D-AD67-1A1906CCA985}.Debug|ARM.Build.0 = Debug|iPhone
		{C6F362DE-002D-494D-AD67-1A1906CCA985}.Debug|ARM.Deploy.0 = Debug|iPhone
		{C6F362DE-002D-494D-AD67-1A1906CCA985}.Debug|iPhone.ActiveCfg = Debug|iPhone
		{C6F362DE-002D-494D-AD67-1A1906CCA985}.Debug|iPhone.Build.0 = Debug|iPhone
		{C6F362DE-002D-494D-AD67-1A1906CCA985}.Debug|iPhone.Deploy.0 = Debug|iPhone
		{C6F362DE-002D-494D-AD67-1A1906CCA985}.Debug|iPhoneSimulator.ActiveCfg = Debug|iPhoneSimulator
		{C6F362DE-002D-494D-AD67-1A1906CCA985}.Debug|iPhoneSimulator.Build.0 = Debug|iPhoneSimulator
		{C6F362DE-002D-494D-AD67-1A1906CCA985}.Debug|iPhoneSimulator.Deploy.0 = Debug|iPhoneSimulator
		{C6F362DE-002D-494D-AD67-1A1906CCA985}.Debug|x64.ActiveCfg = Debug|iPhone
		{C6F362DE-002D-494D-AD67-1A1906CCA985}.Debug|x64.Build.0 = Debug|iPhone
		{C6F362DE-002D-494D-AD67-1A1906CCA985}.Debug|x64.Deploy.0 = Debug|iPhone
		{C6F362DE-002D-494D-AD67-1A1906CCA985}.Debug|x86.ActiveCfg = Debug|iPhone
		{C6F362DE-002D-494D-AD67-1A1906CCA985}.Debug|x86.Build.0 = Debug|iPhone
		{C6F362DE-002D-494D-AD67-1A1906CCA985}.Debug|x86.Deploy.0 = Debug|iPhone
		{C6F362DE-002D-494D-AD67-1A1906CCA985}.Release|Any CPU.ActiveCfg = Release|iPhone
		{C6F362DE-002D-494D-AD67-1A1906CCA985}.Release|Any CPU.Build.0 = Release|iPhone
		{C6F362DE-002D-494D-AD67-1A1906CCA985}.Release|Any CPU.Deploy.0 = Release|iPhone
		{C6F362DE-002D-494D-AD67-1A1906CCA985}.Release|ARM.ActiveCfg = Release|iPhone
		{C6F362DE-002D-494D-AD67-1A1906CCA985}.Release|ARM.Build.0 = Release|iPhone
		{C6F362DE-002D-494D-AD67-1A1906CCA985}.Release|ARM.Deploy.0 = Release|iPhone
		{C6F362DE-002D-494D-AD67-1A1906CCA985}.Release|iPhone.ActiveCfg = Release|iPhone
		{C6F362DE-002D-494D-AD67-1A1906CCA985}.Release|iPhone.Build.0 = Release|iPhone
		{C6F362DE-002D-494D-AD67-1A1906CCA985}.Release|iPhone.Deploy.0 = Release|iPhone
		{C6F362DE-002D-494D-AD67-1A1906CCA985}.Release|iPhoneSimulator.ActiveCfg = Release|iPhoneSimulator
		{C6F362DE-002D-494D-AD67-1A1906CCA985}.Release|iPhoneSimulator.Build.0 = Release|iPhoneSimulator
		{C6F362DE-002D-494D-AD67-1A1906CCA985}.Release|iPhoneSimulator.Deploy.0 = Release|iPhoneSimulator
		{C6F362DE-002D-494D-AD67-1A1906CCA985}.Release|x64.ActiveCfg = Release|iPhone
		{C6F362DE-002D-494D-AD67-1A1906CCA985}.Release|x64.Build.0 = Release|iPhone
		{C6F362DE-002D-494D-AD67-1A1906CCA985}.Release|x64.Deploy.0 = Release|iPhone
		{C6F362DE-002D-494D-AD67-1A1906CCA985}.Release|x86.ActiveCfg = Release|iPhone
		{C6F362DE-002D-494D-AD67-1A1906CCA985}.Release|x86.Build.0 = Release|iPhone
		{C6F362DE-002D-494D-AD67-1A1906CCA985}.Release|x86.Deploy.0 = Release|iPhone
		{C47A988A-3007-482E-9FCC-81737584B66E}.Ad-Hoc|Any CPU.ActiveCfg = Release|x86
		{C47A988A-3007-482E-9FCC-81737584B66E}.Ad-Hoc|Any CPU.Build.0 = Release|x86
		{C47A988A-3007-482E-9FCC-81737584B66E}.Ad-Hoc|Any CPU.Deploy.0 = Release|x86
		{C47A988A-3007-482E-9FCC-81737584B66E}.Ad-Hoc|ARM.ActiveCfg = Release|ARM
		{C47A988A-3007-482E-9FCC-81737584B66E}.Ad-Hoc|ARM.Build.0 = Release|ARM
		{C47A988A-3007-482E-9FCC-81737584B66E}.Ad-Hoc|ARM.Deploy.0 = Release|ARM
		{C47A988A-3007-482E-9FCC-81737584B66E}.Ad-Hoc|iPhone.ActiveCfg = Release|x86
		{C47A988A-3007-482E-9FCC-81737584B66E}.Ad-Hoc|iPhone.Build.0 = Release|x86
		{C47A988A-3007-482E-9FCC-81737584B66E}.Ad-Hoc|iPhone.Deploy.0 = Release|x86
		{C47A988A-3007-482E-9FCC-81737584B66E}.Ad-Hoc|iPhoneSimulator.ActiveCfg = Release|x86
		{C47A988A-3007-482E-9FCC-81737584B66E}.Ad-Hoc|iPhoneSimulator.Build.0 = Release|x86
		{C47A988A-3007-482E-9FCC-81737584B66E}.Ad-Hoc|iPhoneSimulator.Deploy.0 = Release|x86
		{C47A988A-3007-482E-9FCC-81737584B66E}.Ad-Hoc|x64.ActiveCfg = Release|x64
		{C47A988A-3007-482E-9FCC-81737584B66E}.Ad-Hoc|x64.Build.0 = Release|x64
		{C47A988A-3007-482E-9FCC-81737584B66E}.Ad-Hoc|x64.Deploy.0 = Release|x64
		{C47A988A-3007-482E-9FCC-81737584B66E}.Ad-Hoc|x86.ActiveCfg = Release|x86
		{C47A988A-3007-482E-9FCC-81737584B66E}.Ad-Hoc|x86.Build.0 = Release|x86
		{C47A988A-3007-482E-9FCC-81737584B66E}.Ad-Hoc|x86.Deploy.0 = Release|x86
		{C47A988A-3007-482E-9FCC-81737584B66E}.AppStore|Any CPU.ActiveCfg = Release|x86
		{C47A988A-3007-482E-9FCC-81737584B66E}.AppStore|Any CPU.Build.0 = Release|x86
		{C47A988A-3007-482E-9FCC-81737584B66E}.AppStore|Any CPU.Deploy.0 = Release|x86
		{C47A988A-3007-482E-9FCC-81737584B66E}.AppStore|ARM.ActiveCfg = Release|ARM
		{C47A988A-3007-482E-9FCC-81737584B66E}.AppStore|ARM.Build.0 = Release|ARM
		{C47A988A-3007-482E-9FCC-81737584B66E}.AppStore|ARM.Deploy.0 = Release|ARM
		{C47A988A-3007-482E-9FCC-81737584B66E}.AppStore|iPhone.ActiveCfg = Release|x86
		{C47A988A-3007-482E-9FCC-81737584B66E}.AppStore|iPhone.Build.0 = Release|x86
		{C47A988A-3007-482E-9FCC-81737584B66E}.AppStore|iPhone.Deploy.0 = Release|x86
		{C47A988A-3007-482E-9FCC-81737584B66E}.AppStore|iPhoneSimulator.ActiveCfg = Release|x86
		{C47A988A-3007-482E-9FCC-81737584B66E}.AppStore|iPhoneSimulator.Build.0 = Release|x86
		{C47A988A-3007-482E-9FCC-81737584B66E}.AppStore|iPhoneSimulator.Deploy.0 = Release|x86
		{C47A988A-3007-482E-9FCC-81737584B66E}.AppStore|x64.ActiveCfg = Release|x64
		{C47A988A-3007-482E-9FCC-81737584B66E}.AppStore|x64.Build.0 = Release|x64
		{C47A988A-3007-482E-9FCC-81737584B66E}.AppStore|x64.Deploy.0 = Release|x64
		{C47A988A-3007-482E-9FCC-81737584B66E}.AppStore|x86.ActiveCfg = Release|x86
		{C47A988A-3007-482E-9FCC-81737584B66E}.AppStore|x86.Build.0 = Release|x86
		{C47A988A-3007-482E-9FCC-81737584B66E}.AppStore|x86.Deploy.0 = Release|x86
		{C47A988A-3007-482E-9FCC-81737584B66E}.Debug|Any CPU.ActiveCfg = Debug|x86
		{C47A988A-3007-482E-9FCC-81737584B66E}.Debug|Any CPU.Build.0 = Debug|x86
		{C47A988A-3007-482E-9FCC-81737584B66E}.Debug|Any CPU.Deploy.0 = Debug|x86
		{C47A988A-3007-482E-9FCC-81737584B66E}.Debug|ARM.ActiveCfg = Debug|ARM
		{C47A988A-3007-482E-9FCC-81737584B66E}.Debug|ARM.Build.0 = Debug|ARM
		{C47A988A-3007-482E-9FCC-81737584B66E}.Debug|ARM.Deploy.0 = Debug|ARM
		{C47A988A-3007-482E-9FCC-81737584B66E}.Debug|iPhone.ActiveCfg = Debug|x86
		{C47A988A-3007-482E-9FCC-81737584B66E}.Debug|iPhone.Build.0 = Debug|x86
		{C47A988A-3007-482E-9FCC-81737584B66E}.Debug|iPhone.Deploy.0 = Debug|x86
		{C47A988A-3007-482E-9FCC-81737584B66E}.Debug|iPhoneSimulator.ActiveCfg = Debug|x86
		{C47A988A-3007-482E-9FCC-81737584B66E}.Debug|iPhoneSimulator.Build.0 = Debug|x86
		{C47A988A-3007-482E-9FCC-81737584B66E}.Debug|iPhoneSimulator.Deploy.0 = Debug|x86
		{C47A988A-3007-482E-9FCC-81737584B66E}.Debug|x64.ActiveCfg = Debug|x64
		{C47A988A-3007-482E-9FCC-81737584B66E}.Debug|x64.Build.0 = Debug|x64
		{C47A988A-3007-482E-9FCC-81737584B66E}.Debug|x64.Deploy.0 = Debug|x64
		{C47A988A-3007-482E-9FCC-81737584B66E}.Debug|x86.ActiveCfg = Debug|x86
		{C47A988A-3007-482E-9FCC-81737584B66E}.Debug|x86.Build.0 = Debug|x86
		{C47A988A-3007-482E-9FCC-81737584B66E}.Debug|x86.Deploy.0 = Debug|x86
		{C47A988A-3007-482E-9FCC-81737584B66E}.Release|Any CPU.ActiveCfg = Release|x86
		{C47A988A-3007-482E-9FCC-81737584B66E}.Release|Any CPU.Build.0 = Release|x86
		{C47A988A-3007-482E-9FCC-81737584B66E}.Release|Any CPU.Deploy.0 = Release|x86
		{C47A988A-3007-482E-9FCC-81737584B66E}.Release|ARM.ActiveCfg = Release|ARM
		{C47A988A-3007-482E-9FCC-81737584B66E}.Release|ARM.Build.0 = Release|ARM
		{C47A988A-3007-482E-9FCC-81737584B66E}.Release|ARM.Deploy.0 = Release|ARM
		{C47A988A-3007-482E-9FCC-81737584B66E}.Release|iPhone.ActiveCfg = Release|x86
		{C47A988A-3007-482E-9FCC-81737584B66E}.Release|iPhone.Build.0 = Release|x86
		{C47A988A-3007-482E-9FCC-81737584B66E}.Release|iPhone.Deploy.0 = Release|x86
		{C47A988A-3007-482E-9FCC-81737584B66E}.Release|iPhoneSimulator.ActiveCfg = Release|x86
		{C47A988A-3007-482E-9FCC-81737584B66E}.Release|iPhoneSimulator.Build.0 = Release|x86
		{C47A988A-3007-482E-9FCC-81737584B66E}.Release|iPhoneSimulator.Deploy.0 = Release|x86
		{C47A988A-3007-482E-9FCC-81737584B66E}.Release|x64.ActiveCfg = Release|x64
		{C47A988A-3007-482E-9FCC-81737584B66E}.Release|x64.Build.0 = Release|x64
		{C47A988A-3007-482E-9FCC-81737584B66E}.Release|x64.Deploy.0 = Release|x64
		{C47A988A-3007-482E-9FCC-81737584B66E}.Release|x86.ActiveCfg = Release|x86
		{C47A988A-3007-482E-9FCC-81737584B66E}.Release|x86.Build.0 = Release|x86
		{C47A988A-3007-482E-9FCC-81737584B66E}.Release|x86.Deploy.0 = Release|x86
		{023A6872-67AE-4243-88B6-3F3192E81DD7}.Ad-Hoc|Any CPU.ActiveCfg = Debug|Any CPU
		{023A6872-67AE-4243-88B6-3F3192E81DD7}.Ad-Hoc|Any CPU.Build.0 = Debug|Any CPU
		{023A6872-67AE-4243-88B6-3F3192E81DD7}.Ad-Hoc|Any CPU.Deploy.0 = Debug|Any CPU
		{023A6872-67AE-4243-88B6-3F3192E81DD7}.Ad-Hoc|ARM.ActiveCfg = Debug|Any CPU
		{023A6872-67AE-4243-88B6-3F3192E81DD7}.Ad-Hoc|ARM.Build.0 = Debug|Any CPU
		{023A6872-67AE-4243-88B6-3F3192E81DD7}.Ad-Hoc|ARM.Deploy.0 = Debug|Any CPU
		{023A6872-67AE-4243-88B6-3F3192E81DD7}.Ad-Hoc|iPhone.ActiveCfg = Debug|Any CPU
		{023A6872-67AE-4243-88B6-3F3192E81DD7}.Ad-Hoc|iPhone.Build.0 = Debug|Any CPU
		{023A6872-67AE-4243-88B6-3F3192E81DD7}.Ad-Hoc|iPhone.Deploy.0 = Debug|Any CPU
		{023A6872-67AE-4243-88B6-3F3192E81DD7}.Ad-Hoc|iPhoneSimulator.ActiveCfg = Debug|Any CPU
		{023A6872-67AE-4243-88B6-3F3192E81DD7}.Ad-Hoc|iPhoneSimulator.Build.0 = Debug|Any CPU
		{023A6872-67AE-4243-88B6-3F3192E81DD7}.Ad-Hoc|iPhoneSimulator.Deploy.0 = Debug|Any CPU
		{023A6872-67AE-4243-88B6-3F3192E81DD7}.Ad-Hoc|x64.ActiveCfg = Debug|Any CPU
		{023A6872-67AE-4243-88B6-3F3192E81DD7}.Ad-Hoc|x64.Build.0 = Debug|Any CPU
		{023A6872-67AE-4243-88B6-3F3192E81DD7}.Ad-Hoc|x64.Deploy.0 = Debug|Any CPU
		{023A6872-67AE-4243-88B6-3F3192E81DD7}.Ad-Hoc|x86.ActiveCfg = Debug|Any CPU
		{023A6872-67AE-4243-88B6-3F3192E81DD7}.Ad-Hoc|x86.Build.0 = Debug|Any CPU
		{023A6872-67AE-4243-88B6-3F3192E81DD7}.Ad-Hoc|x86.Deploy.0 = Debug|Any CPU
		{023A6872-67AE-4243-88B6-3F3192E81DD7}.AppStore|Any CPU.ActiveCfg = Debug|Any CPU
		{023A6872-67AE-4243-88B6-3F3192E81DD7}.AppStore|Any CPU.Build.0 = Debug|Any CPU
		{023A6872-67AE-4243-88B6-3F3192E81DD7}.AppStore|Any CPU.Deploy.0 = Debug|Any CPU
		{023A6872-67AE-4243-88B6-3F3192E81DD7}.AppStore|ARM.ActiveCfg = Debug|Any CPU
		{023A6872-67AE-4243-88B6-3F3192E81DD7}.AppStore|ARM.Build.0 = Debug|Any CPU
		{023A6872-67AE-4243-88B6-3F3192E81DD7}.AppStore|ARM.Deploy.0 = Debug|Any CPU
		{023A6872-67AE-4243-88B6-3F3192E81DD7}.AppStore|iPhone.ActiveCfg = Debug|Any CPU
		{023A6872-67AE-4243-88B6-3F3192E81DD7}.AppStore|iPhone.Build.0 = Debug|Any CPU
		{023A6872-67AE-4243-88B6-3F3192E81DD7}.AppStore|iPhone.Deploy.0 = Debug|Any CPU
		{023A6872-67AE-4243-88B6-3F3192E81DD7}.AppStore|iPhoneSimulator.ActiveCfg = Debug|Any CPU
		{023A6872-67AE-4243-88B6-3F3192E81DD7}.AppStore|iPhoneSimulator.Build.0 = Debug|Any CPU
		{023A6872-67AE-4243-88B6-3F3192E81DD7}.AppStore|iPhoneSimulator.Deploy.0 = Debug|Any CPU
		{023A6872-67AE-4243-88B6-3F3192E81DD7}.AppStore|x64.ActiveCfg = Debug|Any CPU
		{023A6872-67AE-4243-88B6-3F3192E81DD7}.AppStore|x64.Build.0 = Debug|Any CPU
		{023A6872-67AE-4243-88B6-3F3192E81DD7}.AppStore|x64.Deploy.0 = Debug|Any CPU
		{023A6872-67AE-4243-88B6-3F3192E81DD7}.AppStore|x86.ActiveCfg = Debug|Any CPU
		{023A6872-67AE-4243-88B6-3F3192E81DD7}.AppStore|x86.Build.0 = Debug|Any CPU
		{023A6872-67AE-4243-88B6-3F3192E81DD7}.AppStore|x86.Deploy.0 = Debug|Any CPU
		{023A6872-67AE-4243-88B6-3F3192E81DD7}.Debug|Any CPU.ActiveCfg = Debug|Any CPU
		{023A6872-67AE-4243-88B6-3F3192E81DD7}.Debug|Any CPU.Build.0 = Debug|Any CPU
		{023A6872-67AE-4243-88B6-3F3192E81DD7}.Debug|Any CPU.Deploy.0 = Debug|Any CPU
		{023A6872-67AE-4243-88B6-3F3192E81DD7}.Debug|ARM.ActiveCfg = Debug|Any CPU
		{023A6872-67AE-4243-88B6-3F3192E81DD7}.Debug|ARM.Build.0 = Debug|Any CPU
		{023A6872-67AE-4243-88B6-3F3192E81DD7}.Debug|ARM.Deploy.0 = Debug|Any CPU
		{023A6872-67AE-4243-88B6-3F3192E81DD7}.Debug|iPhone.ActiveCfg = Debug|Any CPU
		{023A6872-67AE-4243-88B6-3F3192E81DD7}.Debug|iPhone.Build.0 = Debug|Any CPU
		{023A6872-67AE-4243-88B6-3F3192E81DD7}.Debug|iPhone.Deploy.0 = Debug|Any CPU
		{023A6872-67AE-4243-88B6-3F3192E81DD7}.Debug|iPhoneSimulator.ActiveCfg = Debug|Any CPU
		{023A6872-67AE-4243-88B6-3F3192E81DD7}.Debug|iPhoneSimulator.Build.0 = Debug|Any CPU
		{023A6872-67AE-4243-88B6-3F3192E81DD7}.Debug|iPhoneSimulator.Deploy.0 = Debug|Any CPU
		{023A6872-67AE-4243-88B6-3F3192E81DD7}.Debug|x64.ActiveCfg = Debug|Any CPU
		{023A6872-67AE-4243-88B6-3F3192E81DD7}.Debug|x64.Build.0 = Debug|Any CPU
		{023A6872-67AE-4243-88B6-3F3192E81DD7}.Debug|x64.Deploy.0 = Debug|Any CPU
		{023A6872-67AE-4243-88B6-3F3192E81DD7}.Debug|x86.ActiveCfg = Debug|Any CPU
		{023A6872-67AE-4243-88B6-3F3192E81DD7}.Debug|x86.Build.0 = Debug|Any CPU
		{023A6872-67AE-4243-88B6-3F3192E81DD7}.Debug|x86.Deploy.0 = Debug|Any CPU
		{023A6872-67AE-4243-88B6-3F3192E81DD7}.Release|Any CPU.ActiveCfg = Release|Any CPU
		{023A6872-67AE-4243-88B6-3F3192E81DD7}.Release|Any CPU.Build.0 = Release|Any CPU
		{023A6872-67AE-4243-88B6-3F3192E81DD7}.Release|Any CPU.Deploy.0 = Release|Any CPU
		{023A6872-67AE-4243-88B6-3F3192E81DD7}.Release|ARM.ActiveCfg = Release|Any CPU
		{023A6872-67AE-4243-88B6-3F3192E81DD7}.Release|ARM.Build.0 = Release|Any CPU
		{023A6872-67AE-4243-88B6-3F3192E81DD7}.Release|ARM.Deploy.0 = Release|Any CPU
		{023A6872-67AE-4243-88B6-3F3192E81DD7}.Release|iPhone.ActiveCfg = Release|Any CPU
		{023A6872-67AE-4243-88B6-3F3192E81DD7}.Release|iPhone.Build.0 = Release|Any CPU
		{023A6872-67AE-4243-88B6-3F3192E81DD7}.Release|iPhone.Deploy.0 = Release|Any CPU
		{023A6872-67AE-4243-88B6-3F3192E81DD7}.Release|iPhoneSimulator.ActiveCfg = Release|Any CPU
		{023A6872-67AE-4243-88B6-3F3192E81DD7}.Release|iPhoneSimulator.Build.0 = Release|Any CPU
		{023A6872-67AE-4243-88B6-3F3192E81DD7}.Release|iPhoneSimulator.Deploy.0 = Release|Any CPU
		{023A6872-67AE-4243-88B6-3F3192E81DD7}.Release|x64.ActiveCfg = Release|Any CPU
		{023A6872-67AE-4243-88B6-3F3192E81DD7}.Release|x64.Build.0 = Release|Any CPU
		{023A6872-67AE-4243-88B6-3F3192E81DD7}.Release|x64.Deploy.0 = Release|Any CPU
		{023A6872-67AE-4243-88B6-3F3192E81DD7}.Release|x86.ActiveCfg = Release|Any CPU
		{023A6872-67AE-4243-88B6-3F3192E81DD7}.Release|x86.Build.0 = Release|Any CPU
		{023A6872-67AE-4243-88B6-3F3192E81DD7}.Release|x86.Deploy.0 = Release|Any CPU
		{CB3D7032-2486-4887-BB0D-8E6886CBBE52}.Ad-Hoc|Any CPU.ActiveCfg = Release|Any CPU
		{CB3D7032-2486-4887-BB0D-8E6886CBBE52}.Ad-Hoc|Any CPU.Build.0 = Release|Any CPU
		{CB3D7032-2486-4887-BB0D-8E6886CBBE52}.Ad-Hoc|ARM.ActiveCfg = Release|Any CPU
		{CB3D7032-2486-4887-BB0D-8E6886CBBE52}.Ad-Hoc|ARM.Build.0 = Release|Any CPU
		{CB3D7032-2486-4887-BB0D-8E6886CBBE52}.Ad-Hoc|iPhone.ActiveCfg = Release|Any CPU
		{CB3D7032-2486-4887-BB0D-8E6886CBBE52}.Ad-Hoc|iPhone.Build.0 = Release|Any CPU
		{CB3D7032-2486-4887-BB0D-8E6886CBBE52}.Ad-Hoc|iPhoneSimulator.ActiveCfg = Release|Any CPU
		{CB3D7032-2486-4887-BB0D-8E6886CBBE52}.Ad-Hoc|iPhoneSimulator.Build.0 = Release|Any CPU
		{CB3D7032-2486-4887-BB0D-8E6886CBBE52}.Ad-Hoc|x64.ActiveCfg = Release|Any CPU
		{CB3D7032-2486-4887-BB0D-8E6886CBBE52}.Ad-Hoc|x64.Build.0 = Release|Any CPU
		{CB3D7032-2486-4887-BB0D-8E6886CBBE52}.Ad-Hoc|x86.ActiveCfg = Release|Any CPU
		{CB3D7032-2486-4887-BB0D-8E6886CBBE52}.Ad-Hoc|x86.Build.0 = Release|Any CPU
		{CB3D7032-2486-4887-BB0D-8E6886CBBE52}.AppStore|Any CPU.ActiveCfg = Release|Any CPU
		{CB3D7032-2486-4887-BB0D-8E6886CBBE52}.AppStore|Any CPU.Build.0 = Release|Any CPU
		{CB3D7032-2486-4887-BB0D-8E6886CBBE52}.AppStore|ARM.ActiveCfg = Release|Any CPU
		{CB3D7032-2486-4887-BB0D-8E6886CBBE52}.AppStore|ARM.Build.0 = Release|Any CPU
		{CB3D7032-2486-4887-BB0D-8E6886CBBE52}.AppStore|iPhone.ActiveCfg = Release|Any CPU
		{CB3D7032-2486-4887-BB0D-8E6886CBBE52}.AppStore|iPhone.Build.0 = Release|Any CPU
		{CB3D7032-2486-4887-BB0D-8E6886CBBE52}.AppStore|iPhoneSimulator.ActiveCfg = Release|Any CPU
		{CB3D7032-2486-4887-BB0D-8E6886CBBE52}.AppStore|iPhoneSimulator.Build.0 = Release|Any CPU
		{CB3D7032-2486-4887-BB0D-8E6886CBBE52}.AppStore|x64.ActiveCfg = Release|Any CPU
		{CB3D7032-2486-4887-BB0D-8E6886CBBE52}.AppStore|x64.Build.0 = Release|Any CPU
		{CB3D7032-2486-4887-BB0D-8E6886CBBE52}.AppStore|x86.ActiveCfg = Release|Any CPU
		{CB3D7032-2486-4887-BB0D-8E6886CBBE52}.AppStore|x86.Build.0 = Release|Any CPU
		{CB3D7032-2486-4887-BB0D-8E6886CBBE52}.Debug|Any CPU.ActiveCfg = Debug|Any CPU
		{CB3D7032-2486-4887-BB0D-8E6886CBBE52}.Debug|Any CPU.Build.0 = Debug|Any CPU
		{CB3D7032-2486-4887-BB0D-8E6886CBBE52}.Debug|ARM.ActiveCfg = Debug|Any CPU
		{CB3D7032-2486-4887-BB0D-8E6886CBBE52}.Debug|ARM.Build.0 = Debug|Any CPU
		{CB3D7032-2486-4887-BB0D-8E6886CBBE52}.Debug|iPhone.ActiveCfg = Debug|Any CPU
		{CB3D7032-2486-4887-BB0D-8E6886CBBE52}.Debug|iPhone.Build.0 = Debug|Any CPU
		{CB3D7032-2486-4887-BB0D-8E6886CBBE52}.Debug|iPhoneSimulator.ActiveCfg = Debug|Any CPU
		{CB3D7032-2486-4887-BB0D-8E6886CBBE52}.Debug|iPhoneSimulator.Build.0 = Debug|Any CPU
		{CB3D7032-2486-4887-BB0D-8E6886CBBE52}.Debug|x64.ActiveCfg = Debug|Any CPU
		{CB3D7032-2486-4887-BB0D-8E6886CBBE52}.Debug|x64.Build.0 = Debug|Any CPU
		{CB3D7032-2486-4887-BB0D-8E6886CBBE52}.Debug|x86.ActiveCfg = Debug|Any CPU
		{CB3D7032-2486-4887-BB0D-8E6886CBBE52}.Debug|x86.Build.0 = Debug|Any CPU
		{CB3D7032-2486-4887-BB0D-8E6886CBBE52}.Release|Any CPU.ActiveCfg = Release|Any CPU
		{CB3D7032-2486-4887-BB0D-8E6886CBBE52}.Release|Any CPU.Build.0 = Release|Any CPU
		{CB3D7032-2486-4887-BB0D-8E6886CBBE52}.Release|ARM.ActiveCfg = Release|Any CPU
		{CB3D7032-2486-4887-BB0D-8E6886CBBE52}.Release|ARM.Build.0 = Release|Any CPU
		{CB3D7032-2486-4887-BB0D-8E6886CBBE52}.Release|iPhone.ActiveCfg = Release|Any CPU
		{CB3D7032-2486-4887-BB0D-8E6886CBBE52}.Release|iPhone.Build.0 = Release|Any CPU
		{CB3D7032-2486-4887-BB0D-8E6886CBBE52}.Release|iPhoneSimulator.ActiveCfg = Release|Any CPU
		{CB3D7032-2486-4887-BB0D-8E6886CBBE52}.Release|iPhoneSimulator.Build.0 = Release|Any CPU
		{CB3D7032-2486-4887-BB0D-8E6886CBBE52}.Release|x64.ActiveCfg = Release|Any CPU
		{CB3D7032-2486-4887-BB0D-8E6886CBBE52}.Release|x64.Build.0 = Release|Any CPU
		{CB3D7032-2486-4887-BB0D-8E6886CBBE52}.Release|x86.ActiveCfg = Release|Any CPU
		{CB3D7032-2486-4887-BB0D-8E6886CBBE52}.Release|x86.Build.0 = Release|Any CPU
	EndGlobalSection
	GlobalSection(SolutionProperties) = preSolution
		HideSolutionNode = FALSE
	EndGlobalSection
	GlobalSection(ExtensibilityGlobals) = postSolution
		SolutionGuid = {7EF608FB-FD07-4C6D-9139-24EEE7657FFD}
	EndGlobalSection
EndGlobal
